
Microsoft Visual Studio Solution File, Format Version 12.00
# Visual Studio Version 17
VisualStudioVersion = 17.1.32210.238
MinimumVisualStudioVersion = 10.0.40219.1
Project("{FAE04EC0-301F-11D3-BF4B-00C04F79EFBC}") = "CSharpDataStructure", "CSharpDataStructure\CSharpDataStructure.csproj", "{2022173D-2917-4EFC-9618-CE98CC5D1661}"
EndProject
Global
	GlobalSection(SolutionConfigurationPlatforms) = preSolution
		Debug|Any CPU = Debug|Any CPU
		Release|Any CPU = Release|Any CPU
	EndGlobalSection
	GlobalSection(ProjectConfigurationPlatforms) = postSolution
		{2022173D-2917-4EFC-9618-CE98CC5D1661}.Debug|Any CPU.ActiveCfg = Debug|Any CPU
		{2022173D-2917-4EFC-9618-CE98CC5D1661}.Debug|Any CPU.Build.0 = Debug|Any CPU
		{2022173D-2917-4EFC-9618-CE98CC5D1661}.Release|Any CPU.ActiveCfg = Release|Any CPU
		{2022173D-2917-4EFC-9618-CE98CC5D1661}.Release|Any CPU.Build.0 = Release|Any CPU
	EndGlobalSection
	GlobalSection(SolutionProperties) = preSolution
		HideSolutionNode = FALSE
	EndGlobalSection
	GlobalSection(ExtensibilityGlobals) = postSolution
		SolutionGuid = {E50EE471-5C25-46C1-8D1B-1A1C8C0CF75B}
	EndGlobalSection
EndGlobal
